
Microsoft Visual Studio Solution File, Format Version 12.00
# Visual Studio Version 17
VisualStudioVersion = 17.4.33213.308
MinimumVisualStudioVersion = 10.0.40219.1
Project("{FAE04EC0-301F-11D3-BF4B-00C04F79EFBC}") = "Auchan", "Auchan\Auchan.csproj", "{A85B5D8B-A38F-4A06-AF32-E7BDC1887A1E}"
EndProject
Global
	GlobalSection(SolutionConfigurationPlatforms) = preSolution
		Debug|Any CPU = Debug|Any CPU
		Release|Any CPU = Release|Any CPU
	EndGlobalSection
	GlobalSection(ProjectConfigurationPlatforms) = postSolution
		{A85B5D8B-A38F-4A06-AF32-E7BDC1887A1E}.Debug|Any CPU.ActiveCfg = Debug|Any CPU
		{A85B5D8B-A38F-4A06-AF32-E7BDC1887A1E}.Debug|Any CPU.Build.0 = Debug|Any CPU
		{A85B5D8B-A38F-4A06-AF32-E7BDC1887A1E}.Release|Any CPU.ActiveCfg = Release|Any CPU
		{A85B5D8B-A38F-4A06-AF32-E7BDC1887A1E}.Release|Any CPU.Build.0 = Release|Any CPU
	EndGlobalSection
	GlobalSection(SolutionProperties) = preSolution
		HideSolutionNode = FALSE
	EndGlobalSection
	GlobalSection(ExtensibilityGlobals) = postSolution
		SolutionGuid = {5657DBD3-2C68-4390-95CB-A0AA78738545}
	EndGlobalSection
EndGlobal
